
Microsoft Visual Studio Solution File, Format Version 12.00
# Visual Studio 2012
Project("{8BC9CEB8-8B4A-11D0-8D11-00A0C91BC942}") = "cmpp", "cmpp\cmpp.vcxproj", "{17284238-1F69-4FD6-B823-43282064C024}"
EndProject
Project("{8BC9CEB8-8B4A-11D0-8D11-00A0C91BC942}") = "tests", "tests\tests.vcxproj", "{1555C6E0-FB1E-4954-BBA4-AADAE752794A}"
	ProjectSection(ProjectDependencies) = postProject
		{17284238-1F69-4FD6-B823-43282064C024} = {17284238-1F69-4FD6-B823-43282064C024}
	EndProjectSection
EndProject
Project("{8BC9CEB8-8B4A-11D0-8D11-00A0C91BC942}") = "StopCMPPTests", "StopCMPPTests\StopCMPPTests.vcxproj", "{45C97CF8-58AD-42D7-B5A1-4CB194321D7F}"
EndProject
Global
	GlobalSection(SolutionConfigurationPlatforms) = preSolution
		Debug|Win32 = Debug|Win32
		Release|Win32 = Release|Win32
	EndGlobalSection
	GlobalSection(ProjectConfigurationPlatforms) = postSolution
		{17284238-1F69-4FD6-B823-43282064C024}.Debug|Win32.ActiveCfg = Debug|Win32
		{17284238-1F69-4FD6-B823-43282064C024}.Debug|Win32.Build.0 = Debug|Win32
		{17284238-1F69-4FD6-B823-43282064C024}.Release|Win32.ActiveCfg = Release|Win32
		{17284238-1F69-4FD6-B823-43282064C024}.Release|Win32.Build.0 = Release|Win32
		{1555C6E0-FB1E-4954-BBA4-AADAE752794A}.Debug|Win32.ActiveCfg = Debug|Win32
		{1555C6E0-FB1E-4954-BBA4-AADAE752794A}.Debug|Win32.Build.0 = Debug|Win32
		{1555C6E0-FB1E-4954-BBA4-AADAE752794A}.Release|Win32.ActiveCfg = Release|Win32
		{1555C6E0-FB1E-4954-BBA4-AADAE752794A}.Release|Win32.Build.0 = Release|Win32
		{45C97CF8-58AD-42D7-B5A1-4CB194321D7F}.Debug|Win32.ActiveCfg = Debug|Win32
		{45C97CF8-58AD-42D7-B5A1-4CB194321D7F}.Debug|Win32.Build.0 = Debug|Win32
		{45C97CF8-58AD-42D7-B5A1-4CB194321D7F}.Release|Win32.ActiveCfg = Release|Win32
		{45C97CF8-58AD-42D7-B5A1-4CB194321D7F}.Release|Win32.Build.0 = Release|Win32
	EndGlobalSection
	GlobalSection(SolutionProperties) = preSolution
		HideSolutionNode = FALSE
	EndGlobalSection
EndGlobal
